<Solution>
  <Folder Name="/src/">
    <Project Path="src/DysonAgents/DysonAgents.csproj" Id="8b7754ca-0d14-45c5-a150-b89dce4f8ed0" />
    <Project Path="src/DysonCLI/DysonCLI.csproj" Id="297461d1-1c2a-4017-a3c0-408211645ddf" />
    <Project Path="src/DysonContext/DysonContext.csproj" Id="a8bb28e9-a171-4ea6-863e-cf88b5eb7dfa" />
    <Project Path="src/DysonCore/DysonCore.csproj" Id="ac1f7758-5cfe-48f1-b18f-62c54d8a6fd5" />
    <Project Path="src/DysonDrive/DysonDrive.csproj" Id="13d7ce29-0350-4de7-bfd3-c31d01fcac48" />
    <Project Path="src/DysonHub/DysonHub.Shared/DysonHub.Shared.csproj" Id="997e3d71-92b8-4e46-8ebe-40c8cd678946" />
    <Project Path="src/DysonHub/DysonHub.Web.Client/DysonHub.Web.Client.csproj" Id="da82295e-c675-45a7-8290-cfd613148197" />
    <Project Path="src/DysonHub/DysonHub.Web/DysonHub.Web.csproj" Id="af6861d3-ac44-4230-91c7-f836b51d4a21" />
    <Project Path="src/DysonHub/DysonHub/DysonHub.csproj" Id="f73d6feb-71e4-44e2-ab4c-e3ea4db199f5">
      <Deploy Solution="Debug|*" />
    </Project>
    <Project Path="src/DysonMonitor/DysonMonitor.csproj" Id="8f40fc2e-481b-49b1-8f8b-3b9ad36cc2d8" />
    <Project Path="src/DysonMusic/DysonMusic.csproj" Id="c2047bc5-3b91-421b-af76-a5af1f48bafa" />
    <Project Path="src/DysonShared/DysonShared.csproj" Id="fc16644e-edb0-42ac-92b9-309a49776f03" />
    <Project Path="src/DysonStreamEngine/DysonStreamEngine.csproj" Id="af365074-f98e-45b1-b597-d67bbfba38f6" />
  </Folder>
</Solution>
